github.com/inconshreveable/mousetrap v1.0.0 h1:Z8tu5sraLXCXIcARxBp/8cbvlwVa7Z1NHg9XEKhtSvM=
github.com/inconshreveable/mousetrap v1.0.0/go.mod h1:PxqpIevigyE2G7u3NXJIT2ANytuPF1OarO4DADm73n8=
github.com/karlmcguire/ige v0.0.0-20180620203807-493ac28b459a h1:b7lnm+mD+GGCnEi6QwcLyapGbwWkp416Qas6u6FUQRU=
github.com/karlmcguire/ige v0.0.0-20180620203807-493ac28b459a/go.mod h1:LT/639HNx7HcWzrb1iprbmtXYI7PueOFZuV8uAhqGas=
github.com/lunixbochs/struc v0.0.0-20180408203800-02e4c2afbb2a h1:axFx97V2Lyke5LbeygrJlzc07mwVhHt2ZHeI/Nv8Aq4=
github.com/lunixbochs/struc v0.0.0-20180408203800-02e4c2afbb2a/go.mod h1:iOJu9pApjjmEmNq7PqlA5R9mDu/HMF5EM3llWKX/TyA=
github.com/spf13/cobra v0.0.3 h1:ZlrZ4XsMRm04Fr5pSFxBgfND2EBVa1nLpiy1stUsX/8=
github.com/spf13/cobra v0.0.3/go.mod h1:1l0Ry5zgKvJasoi3XT1TypsSe7PqH0Sj9dhYf7v3XqQ=
github.com/spf13/pflag v1.0.3 h1:zPAT6CGy6wXeQ7NtTnaTerfKOsV6V6F8agHXFiazDkg=
github.com/spf13/pflag v1.0.3/go.mod h1:DYY7MBk1bdzusC3SYhjObp+wFpr4gzcvqqNjLnInEg4=
golang.org/x/crypto v0.0.0-20190102171810-8d7daa0c54b3 h1:35ZwriXqdZtBGoFgUpW71Z7xz5o23fRpWHFAO2PlnIA=
golang.org/x/crypto v0.0.0-20190102171810-8d7daa0c54b3/go.mod h1:6SG95UA2DQfeDnfUPMdvaQW0Q7yPrPDi9nlGo2tz2b4=
