github.com/google/pprof v0.0.0-20190208070709-b421f19a5c07 h1:a8gLxYPNyi4nj8mRSyv71dzsQgGDEOo4Fg4nWcyUBto=
github.com/google/pprof v0.0.0-20190208070709-b421f19a5c07/go.mod h1:zfwlbNMJ+OItoe0UupaVj+oy1omPYYDuagoSzA8v9mc=
github.com/ianlancetaylor/demangle v0.0.0-20181102032728-5e5cf60278f6 h1:UDMh68UUwekSh5iP2OMhRRZJiiBccgV7axzUG8vi56c=
github.com/ianlancetaylor/demangle v0.0.0-20181102032728-5e5cf60278f6/go.mod h1:aSSvb/t6k1mPoxDqO4vJh6VOCGPwU4O0C2/Eqndh1Sc=
github.com/inconshreveable/mousetrap v1.0.0 h1:Z8tu5sraLXCXIcARxBp/8cbvlwVa7Z1NHg9XEKhtSvM=
github.com/inconshreveable/mousetrap v1.0.0/go.mod h1:PxqpIevigyE2G7u3NXJIT2ANytuPF1OarO4DADm73n8=
github.com/karlmcguire/ige v0.0.0-20180620203807-493ac28b459a h1:b7lnm+mD+GGCnEi6QwcLyapGbwWkp416Qas6u6FUQRU=
github.com/karlmcguire/ige v0.0.0-20180620203807-493ac28b459a/go.mod h1:LT/639HNx7HcWzrb1iprbmtXYI7PueOFZuV8uAhqGas=
github.com/lunixbochs/struc v0.0.0-20180408203800-02e4c2afbb2a h1:axFx97V2Lyke5LbeygrJlzc07mwVhHt2ZHeI/Nv8Aq4=
github.com/lunixbochs/struc v0.0.0-20180408203800-02e4c2afbb2a/go.mod h1:iOJu9pApjjmEmNq7PqlA5R9mDu/HMF5EM3llWKX/TyA=
github.com/spf13/cobra v0.0.3 h1:ZlrZ4XsMRm04Fr5pSFxBgfND2EBVa1nLpiy1stUsX/8=
github.com/spf13/cobra v0.0.3/go.mod h1:1l0Ry5zgKvJasoi3XT1TypsSe7PqH0Sj9dhYf7v3XqQ=
github.com/spf13/pflag v1.0.3 h1:zPAT6CGy6wXeQ7NtTnaTerfKOsV6V6F8agHXFiazDkg=
github.com/spf13/pflag v1.0.3/go.mod h1:DYY7MBk1bdzusC3SYhjObp+wFpr4gzcvqqNjLnInEg4=
golang.org/x/arch v0.0.0-20181203225421-5a4828bb7045 h1:Pn8fQdvx+z1avAi7fdM2kRYWQNxGlavNDSyzrQg2SsU=
golang.org/x/arch v0.0.0-20181203225421-5a4828bb7045/go.mod h1:cYlCBUl1MsqxdiKgmc4uh7TxZfWSFLOGSRR090WDxt8=
golang.org/x/crypto v0.0.0-20190102171810-8d7daa0c54b3 h1:35ZwriXqdZtBGoFgUpW71Z7xz5o23fRpWHFAO2PlnIA=
golang.org/x/crypto v0.0.0-20190102171810-8d7daa0c54b3/go.mod h1:6SG95UA2DQfeDnfUPMdvaQW0Q7yPrPDi9nlGo2tz2b4=
golang.org/x/sys v0.0.0-20190221075227-b4e8571b14e0 h1:bzeyCHgoAyjZjAhvTpks+qM7sdlh4cCSitmXeCEO3B4=
golang.org/x/sys v0.0.0-20190221075227-b4e8571b14e0/go.mod h1:STP8DvDyc/dI5b8T5hshtkjS+E42TnysNCUPdjciGhY=
