github.com/karlmcguire/ige v0.0.0-20180620203807-493ac28b459a h1:b7lnm+mD+GGCnEi6QwcLyapGbwWkp416Qas6u6FUQRU=
github.com/karlmcguire/ige v0.0.0-20180620203807-493ac28b459a/go.mod h1:LT/639HNx7HcWzrb1iprbmtXYI7PueOFZuV8uAhqGas=
golang.org/x/crypto v0.0.0-20190102171810-8d7daa0c54b3 h1:35ZwriXqdZtBGoFgUpW71Z7xz5o23fRpWHFAO2PlnIA=
golang.org/x/crypto v0.0.0-20190102171810-8d7daa0c54b3/go.mod h1:6SG95UA2DQfeDnfUPMdvaQW0Q7yPrPDi9nlGo2tz2b4=
